// !$*UTF8*$!
{
	archiveVersion = 1;
	classes = {
	};
	objectVersion = 50;
	objects = {

/* Begin PBXBuildFile section */
		7E029AE224D806C80052A705 /* SpeakerAutoselecting.swift in Sources */ = {isa = PBXBuildFile; fileRef = 7E029AE124D806C80052A705 /* SpeakerAutoselecting.swift */; };
		7E029AE424D807110052A705 /* AudioDeviceAlertSelecting.swift in Sources */ = {isa = PBXBuildFile; fileRef = 7E029AE324D807110052A705 /* AudioDeviceAlertSelecting.swift */; };
		7EBF1BAA24D446C4008446E7 /* Assets.xcassets in Resources */ = {isa = PBXBuildFile; fileRef = 7EBF1B7324D446C4008446E7 /* Assets.xcassets */; };
		7EBF1BAB24D446C4008446E7 /* LaunchScreen.storyboard in Resources */ = {isa = PBXBuildFile; fileRef = 7EBF1B7424D446C4008446E7 /* LaunchScreen.storyboard */; };
		7EBF1BAD24D446C4008446E7 /* ConferenceErrors.swift in Sources */ = {isa = PBXBuildFile; fileRef = 7EBF1B7924D446C4008446E7 /* ConferenceErrors.swift */; };
		7EBF1BAE24D446C4008446E7 /* VoximplantService.swift in Sources */ = {isa = PBXBuildFile; fileRef = 7EBF1B7A24D446C4008446E7 /* VoximplantService.swift */; };
		7EBF1BAF24D446C4008446E7 /* VoximplantSocketCompanion.swift in Sources */ = {isa = PBXBuildFile; fileRef = 7EBF1B7C24D446C4008446E7 /* VoximplantSocketCompanion.swift */; };
		7EBF1BB024D446C4008446E7 /* SocketContentKey.swift in Sources */ = {isa = PBXBuildFile; fileRef = 7EBF1B7D24D446C4008446E7 /* SocketContentKey.swift */; };
		7EBF1BB124D446C4008446E7 /* VoximplantSocketCommand.swift in Sources */ = {isa = PBXBuildFile; fileRef = 7EBF1B7E24D446C4008446E7 /* VoximplantSocketCommand.swift */; };
		7EBF1BB224D446C4008446E7 /* ReconnectOperation.swift in Sources */ = {isa = PBXBuildFile; fileRef = 7EBF1B8024D446C4008446E7 /* ReconnectOperation.swift */; };
		7EBF1BB324D446C4008446E7 /* ReconnectError.swift in Sources */ = {isa = PBXBuildFile; fileRef = 7EBF1B8124D446C4008446E7 /* ReconnectError.swift */; };
		7EBF1BB424D446C4008446E7 /* Log.swift in Sources */ = {isa = PBXBuildFile; fileRef = 7EBF1B8324D446C4008446E7 /* Log.swift */; };
		7EBF1BB524D446C4008446E7 /* JSON.swift in Sources */ = {isa = PBXBuildFile; fileRef = 7EBF1B8424D446C4008446E7 /* JSON.swift */; };
		7EBF1BB624D446C4008446E7 /* Device.swift in Sources */ = {isa = PBXBuildFile; fileRef = 7EBF1B8524D446C4008446E7 /* Device.swift */; };
		7EBF1BB724D446C4008446E7 /* myID.swift in Sources */ = {isa = PBXBuildFile; fileRef = 7EBF1B8624D446C4008446E7 /* myID.swift */; };
		7EBF1BB824D446C4008446E7 /* README.md in Resources */ = {isa = PBXBuildFile; fileRef = 7EBF1B8724D446C4008446E7 /* README.md */; };
		7EBF1BB924D446C4008446E7 /* Main.storyboard in Resources */ = {isa = PBXBuildFile; fileRef = 7EBF1B8A24D446C4008446E7 /* Main.storyboard */; };
		7EBF1BBA24D446C4008446E7 /* Storyboard.swift in Sources */ = {isa = PBXBuildFile; fileRef = 7EBF1B8C24D446C4008446E7 /* Storyboard.swift */; };
		7EBF1BBB24D446C4008446E7 /* ProgressView.swift in Sources */ = {isa = PBXBuildFile; fileRef = 7EBF1B8E24D446C4008446E7 /* ProgressView.swift */; };
		7EBF1BBC24D446C4008446E7 /* ProgressViewModel.swift in Sources */ = {isa = PBXBuildFile; fileRef = 7EBF1B8F24D446C4008446E7 /* ProgressViewModel.swift */; };
		7EBF1BBD24D446C4008446E7 /* ProgressViewController.swift in Sources */ = {isa = PBXBuildFile; fileRef = 7EBF1B9024D446C4008446E7 /* ProgressViewController.swift */; };
		7EBF1BBE24D446C4008446E7 /* ConferenceParticipantView.xib in Resources */ = {isa = PBXBuildFile; fileRef = 7EBF1B9324D446C4008446E7 /* ConferenceParticipantView.xib */; };
		7EBF1BBF24D446C4008446E7 /* ConferenceParticipantView.swift in Sources */ = {isa = PBXBuildFile; fileRef = 7EBF1B9424D446C4008446E7 /* ConferenceParticipantView.swift */; };
		7EBF1BC024D446C4008446E7 /* ConferenceView.swift in Sources */ = {isa = PBXBuildFile; fileRef = 7EBF1B9524D446C4008446E7 /* ConferenceView.swift */; };
		7EBF1BC124D446C4008446E7 /* ConferenceCallModel.swift in Sources */ = {isa = PBXBuildFile; fileRef = 7EBF1B9624D446C4008446E7 /* ConferenceCallModel.swift */; };
		7EBF1BC224D446C4008446E7 /* ConferenceCallViewController.swift in Sources */ = {isa = PBXBuildFile; fileRef = 7EBF1B9724D446C4008446E7 /* ConferenceCallViewController.swift */; };
		7EBF1BC324D446C4008446E7 /* StoryAssembler.swift in Sources */ = {isa = PBXBuildFile; fileRef = 7EBF1B9824D446C4008446E7 /* StoryAssembler.swift */; };
		7EBF1BC424D446C4008446E7 /* LoginView.swift in Sources */ = {isa = PBXBuildFile; fileRef = 7EBF1B9A24D446C4008446E7 /* LoginView.swift */; };
		7EBF1BC524D446C4008446E7 /* LoginViewController.swift in Sources */ = {isa = PBXBuildFile; fileRef = 7EBF1B9B24D446C4008446E7 /* LoginViewController.swift */; };
		7EBF1BC624D446C4008446E7 /* LoginTextField.swift in Sources */ = {isa = PBXBuildFile; fileRef = 7EBF1B9C24D446C4008446E7 /* LoginTextField.swift */; };
		7EBF1BC724D446C4008446E7 /* AppDelegate.swift in Sources */ = {isa = PBXBuildFile; fileRef = 7EBF1B9D24D446C4008446E7 /* AppDelegate.swift */; };
		7EBF1BC824D446C4008446E7 /* ConferenceParticipant.swift in Sources */ = {isa = PBXBuildFile; fileRef = 7EBF1BA024D446C4008446E7 /* ConferenceParticipant.swift */; };
		7EBF1BC924D446C4008446E7 /* ConferenceService.swift in Sources */ = {isa = PBXBuildFile; fileRef = 7EBF1BA224D446C4008446E7 /* ConferenceService.swift */; };
		7EBF1BCA24D446C4008446E7 /* AuthService.swift in Sources */ = {isa = PBXBuildFile; fileRef = 7EBF1BA324D446C4008446E7 /* AuthService.swift */; };
		7EBF1BCB24D446C4008446E7 /* Reconnecting.swift in Sources */ = {isa = PBXBuildFile; fileRef = 7EBF1BA424D446C4008446E7 /* Reconnecting.swift */; };
		7EBF1BCC24D446C4008446E7 /* LeaveConferenceUseCase.swift in Sources */ = {isa = PBXBuildFile; fileRef = 7EBF1BA624D446C4008446E7 /* LeaveConferenceUseCase.swift */; };
		7EBF1BCD24D446C4008446E7 /* GetShareLinkUseCase.swift in Sources */ = {isa = PBXBuildFile; fileRef = 7EBF1BA724D446C4008446E7 /* GetShareLinkUseCase.swift */; };
		7EBF1BCE24D446C4008446E7 /* ManageConferenceUseCase.swift in Sources */ = {isa = PBXBuildFile; fileRef = 7EBF1BA824D446C4008446E7 /* ManageConferenceUseCase.swift */; };
		7EBF1BCF24D446C4008446E7 /* JoinConferenceUseCase.swift in Sources */ = {isa = PBXBuildFile; fileRef = 7EBF1BA924D446C4008446E7 /* JoinConferenceUseCase.swift */; };
		7EBF1BD524D45569008446E7 /* CallOptionButton.swift in Sources */ = {isa = PBXBuildFile; fileRef = 7EBF1BD224D45569008446E7 /* CallOptionButton.swift */; };
		7EBF1BD624D45569008446E7 /* CallOptionButton.xib in Resources */ = {isa = PBXBuildFile; fileRef = 7EBF1BD324D45569008446E7 /* CallOptionButton.xib */; };
		7EBF1BD824D4559D008446E7 /* UserDefault.swift in Sources */ = {isa = PBXBuildFile; fileRef = 7EBF1BD724D4559D008446E7 /* UserDefault.swift */; };
		7EBF1BDA24D455E6008446E7 /* PermissionsHelper.swift in Sources */ = {isa = PBXBuildFile; fileRef = 7EBF1BD924D455E6008446E7 /* PermissionsHelper.swift */; };
		7EBF1BDC24D4562A008446E7 /* Errors.swift in Sources */ = {isa = PBXBuildFile; fileRef = 7EBF1BDB24D4562A008446E7 /* Errors.swift */; };
		7EBF1BDE24D4565C008446E7 /* ErrorHandling.swift in Sources */ = {isa = PBXBuildFile; fileRef = 7EBF1BDD24D4565C008446E7 /* ErrorHandling.swift */; };
		7EBF1BE024D45822008446E7 /* AlertHelper.swift in Sources */ = {isa = PBXBuildFile; fileRef = 7EBF1BDF24D45822008446E7 /* AlertHelper.swift */; };
		7EBF1BE224D45843008446E7 /* ColoredButton.swift in Sources */ = {isa = PBXBuildFile; fileRef = 7EBF1BE124D45843008446E7 /* ColoredButton.swift */; };
		7EBF1BE424D4585D008446E7 /* NibLoadable.swift in Sources */ = {isa = PBXBuildFile; fileRef = 7EBF1BE324D4585D008446E7 /* NibLoadable.swift */; };
		7EBF1BE624D458A3008446E7 /* AudioDeviceSelecting.swift in Sources */ = {isa = PBXBuildFile; fileRef = 7EBF1BE524D458A3008446E7 /* AudioDeviceSelecting.swift */; };
		7EBF1BEA24D458EA008446E7 /* MovingWithKeyboard.swift in Sources */ = {isa = PBXBuildFile; fileRef = 7EBF1BE924D458EA008446E7 /* MovingWithKeyboard.swift */; };
		7EBF1BED24D45925008446E7 /* Theme.swift in Sources */ = {isa = PBXBuildFile; fileRef = 7EBF1BEB24D45925008446E7 /* Theme.swift */; };
		7EBF1BEE24D45925008446E7 /* Color.swift in Sources */ = {isa = PBXBuildFile; fileRef = 7EBF1BEC24D45925008446E7 /* Color.swift */; };
		7EBF1BF124D45DC4008446E7 /* GenerateRoomUseCase.swift in Sources */ = {isa = PBXBuildFile; fileRef = 7EBF1BF024D45DC4008446E7 /* GenerateRoomUseCase.swift */; };
		7EBF1BF524D46639008446E7 /* LeaveConference.swift in Sources */ = {isa = PBXBuildFile; fileRef = 7EBF1BF424D46639008446E7 /* LeaveConference.swift */; };
		7EBF1BF724D46656008446E7 /* GetShareLink.swift in Sources */ = {isa = PBXBuildFile; fileRef = 7EBF1BF624D46656008446E7 /* GetShareLink.swift */; };
		7EBF1BF924D46667008446E7 /* ManageConference.swift in Sources */ = {isa = PBXBuildFile; fileRef = 7EBF1BF824D46667008446E7 /* ManageConference.swift */; };
		7EBF1BFB24D46686008446E7 /* JoinConference.swift in Sources */ = {isa = PBXBuildFile; fileRef = 7EBF1BFA24D46686008446E7 /* JoinConference.swift */; };
		7EBF1BFD24D4669F008446E7 /* GenerateRoom.swift in Sources */ = {isa = PBXBuildFile; fileRef = 7EBF1BFC24D4669F008446E7 /* GenerateRoom.swift */; };
		7EBF1C0024D46902008446E7 /* PressableButton.swift in Sources */ = {isa = PBXBuildFile; fileRef = 7EBF1BFF24D46902008446E7 /* PressableButton.swift */; };
		7EBF1C0524D477DC008446E7 /* AnimatedTransitionNavigationController.swift in Sources */ = {isa = PBXBuildFile; fileRef = 7EBF1C0324D477DC008446E7 /* AnimatedTransitionNavigationController.swift */; };
		7EBF1C0624D477DC008446E7 /* AnimatedTransition.swift in Sources */ = {isa = PBXBuildFile; fileRef = 7EBF1C0424D477DC008446E7 /* AnimatedTransition.swift */; };
/* End PBXBuildFile section */

/* Begin PBXFileReference section */
		7E029AE124D806C80052A705 /* SpeakerAutoselecting.swift */ = {isa = PBXFileReference; lastKnownFileType = sourcecode.swift; path = SpeakerAutoselecting.swift; sourceTree = "<group>"; };
		7E029AE324D807110052A705 /* AudioDeviceAlertSelecting.swift */ = {isa = PBXFileReference; lastKnownFileType = sourcecode.swift; path = AudioDeviceAlertSelecting.swift; sourceTree = "<group>"; };
		7EBF1B2624D44616008446E7 /* Conference.app */ = {isa = PBXFileReference; explicitFileType = wrapper.application; includeInIndex = 0; path = Conference.app; sourceTree = BUILT_PRODUCTS_DIR; };
		7EBF1B7324D446C4008446E7 /* Assets.xcassets */ = {isa = PBXFileReference; lastKnownFileType = folder.assetcatalog; path = Assets.xcassets; sourceTree = "<group>"; };
		7EBF1B7524D446C4008446E7 /* Base */ = {isa = PBXFileReference; lastKnownFileType = file.storyboard; name = Base; path = Base.lproj/LaunchScreen.storyboard; sourceTree = "<group>"; };
		7EBF1B7624D446C4008446E7 /* Info.plist */ = {isa = PBXFileReference; fileEncoding = 4; lastKnownFileType = text.plist.xml; path = Info.plist; sourceTree = "<group>"; };
		7EBF1B7924D446C4008446E7 /* ConferenceErrors.swift */ = {isa = PBXFileReference; fileEncoding = 4; lastKnownFileType = sourcecode.swift; path = ConferenceErrors.swift; sourceTree = "<group>"; };
		7EBF1B7A24D446C4008446E7 /* VoximplantService.swift */ = {isa = PBXFileReference; fileEncoding = 4; lastKnownFileType = sourcecode.swift; path = VoximplantService.swift; sourceTree = "<group>"; };
		7EBF1B7C24D446C4008446E7 /* VoximplantSocketCompanion.swift */ = {isa = PBXFileReference; fileEncoding = 4; lastKnownFileType = sourcecode.swift; path = VoximplantSocketCompanion.swift; sourceTree = "<group>"; };
		7EBF1B7D24D446C4008446E7 /* SocketContentKey.swift */ = {isa = PBXFileReference; fileEncoding = 4; lastKnownFileType = sourcecode.swift; path = SocketContentKey.swift; sourceTree = "<group>"; };
		7EBF1B7E24D446C4008446E7 /* VoximplantSocketCommand.swift */ = {isa = PBXFileReference; fileEncoding = 4; lastKnownFileType = sourcecode.swift; path = VoximplantSocketCommand.swift; sourceTree = "<group>"; };
		7EBF1B8024D446C4008446E7 /* ReconnectOperation.swift */ = {isa = PBXFileReference; fileEncoding = 4; lastKnownFileType = sourcecode.swift; path = ReconnectOperation.swift; sourceTree = "<group>"; };
		7EBF1B8124D446C4008446E7 /* ReconnectError.swift */ = {isa = PBXFileReference; fileEncoding = 4; lastKnownFileType = sourcecode.swift; path = ReconnectError.swift; sourceTree = "<group>"; };
		7EBF1B8324D446C4008446E7 /* Log.swift */ = {isa = PBXFileReference; fileEncoding = 4; lastKnownFileType = sourcecode.swift; path = Log.swift; sourceTree = "<group>"; };
		7EBF1B8424D446C4008446E7 /* JSON.swift */ = {isa = PBXFileReference; fileEncoding = 4; lastKnownFileType = sourcecode.swift; path = JSON.swift; sourceTree = "<group>"; };
		7EBF1B8524D446C4008446E7 /* Device.swift */ = {isa = PBXFileReference; fileEncoding = 4; lastKnownFileType = sourcecode.swift; path = Device.swift; sourceTree = "<group>"; };
		7EBF1B8624D446C4008446E7 /* myID.swift */ = {isa = PBXFileReference; fileEncoding = 4; lastKnownFileType = sourcecode.swift; path = myID.swift; sourceTree = "<group>"; };
		7EBF1B8724D446C4008446E7 /* README.md */ = {isa = PBXFileReference; fileEncoding = 4; lastKnownFileType = net.daringfireball.markdown; path = README.md; sourceTree = "<group>"; };
		7EBF1B8B24D446C4008446E7 /* Base */ = {isa = PBXFileReference; lastKnownFileType = file.storyboard; name = Base; path = Base.lproj/Main.storyboard; sourceTree = "<group>"; };
		7EBF1B8C24D446C4008446E7 /* Storyboard.swift */ = {isa = PBXFileReference; fileEncoding = 4; lastKnownFileType = sourcecode.swift; path = Storyboard.swift; sourceTree = "<group>"; };
		7EBF1B8E24D446C4008446E7 /* ProgressView.swift */ = {isa = PBXFileReference; fileEncoding = 4; lastKnownFileType = sourcecode.swift; path = ProgressView.swift; sourceTree = "<group>"; };
		7EBF1B8F24D446C4008446E7 /* ProgressViewModel.swift */ = {isa = PBXFileReference; fileEncoding = 4; lastKnownFileType = sourcecode.swift; path = ProgressViewModel.swift; sourceTree = "<group>"; };
		7EBF1B9024D446C4008446E7 /* ProgressViewController.swift */ = {isa = PBXFileReference; fileEncoding = 4; lastKnownFileType = sourcecode.swift; path = ProgressViewController.swift; sourceTree = "<group>"; };
		7EBF1B9324D446C4008446E7 /* ConferenceParticipantView.xib */ = {isa = PBXFileReference; fileEncoding = 4; lastKnownFileType = file.xib; path = ConferenceParticipantView.xib; sourceTree = "<group>"; };
		7EBF1B9424D446C4008446E7 /* ConferenceParticipantView.swift */ = {isa = PBXFileReference; fileEncoding = 4; lastKnownFileType = sourcecode.swift; path = ConferenceParticipantView.swift; sourceTree = "<group>"; };
		7EBF1B9524D446C4008446E7 /* ConferenceView.swift */ = {isa = PBXFileReference; fileEncoding = 4; lastKnownFileType = sourcecode.swift; path = ConferenceView.swift; sourceTree = "<group>"; };
		7EBF1B9624D446C4008446E7 /* ConferenceCallModel.swift */ = {isa = PBXFileReference; fileEncoding = 4; lastKnownFileType = sourcecode.swift; path = ConferenceCallModel.swift; sourceTree = "<group>"; };
		7EBF1B9724D446C4008446E7 /* ConferenceCallViewController.swift */ = {isa = PBXFileReference; fileEncoding = 4; lastKnownFileType = sourcecode.swift; path = ConferenceCallViewController.swift; sourceTree = "<group>"; };
		7EBF1B9824D446C4008446E7 /* StoryAssembler.swift */ = {isa = PBXFileReference; fileEncoding = 4; lastKnownFileType = sourcecode.swift; path = StoryAssembler.swift; sourceTree = "<group>"; };
		7EBF1B9A24D446C4008446E7 /* LoginView.swift */ = {isa = PBXFileReference; fileEncoding = 4; lastKnownFileType = sourcecode.swift; path = LoginView.swift; sourceTree = "<group>"; };
		7EBF1B9B24D446C4008446E7 /* LoginViewController.swift */ = {isa = PBXFileReference; fileEncoding = 4; lastKnownFileType = sourcecode.swift; path = LoginViewController.swift; sourceTree = "<group>"; };
		7EBF1B9C24D446C4008446E7 /* LoginTextField.swift */ = {isa = PBXFileReference; fileEncoding = 4; lastKnownFileType = sourcecode.swift; path = LoginTextField.swift; sourceTree = "<group>"; };
		7EBF1B9D24D446C4008446E7 /* AppDelegate.swift */ = {isa = PBXFileReference; fileEncoding = 4; lastKnownFileType = sourcecode.swift; path = AppDelegate.swift; sourceTree = "<group>"; };
		7EBF1BA024D446C4008446E7 /* ConferenceParticipant.swift */ = {isa = PBXFileReference; fileEncoding = 4; lastKnownFileType = sourcecode.swift; path = ConferenceParticipant.swift; sourceTree = "<group>"; };
		7EBF1BA224D446C4008446E7 /* ConferenceService.swift */ = {isa = PBXFileReference; fileEncoding = 4; lastKnownFileType = sourcecode.swift; path = ConferenceService.swift; sourceTree = "<group>"; };
		7EBF1BA324D446C4008446E7 /* AuthService.swift */ = {isa = PBXFileReference; fileEncoding = 4; lastKnownFileType = sourcecode.swift; path = AuthService.swift; sourceTree = "<group>"; };
		7EBF1BA424D446C4008446E7 /* Reconnecting.swift */ = {isa = PBXFileReference; fileEncoding = 4; lastKnownFileType = sourcecode.swift; path = Reconnecting.swift; sourceTree = "<group>"; };
		7EBF1BA624D446C4008446E7 /* LeaveConferenceUseCase.swift */ = {isa = PBXFileReference; fileEncoding = 4; lastKnownFileType = sourcecode.swift; path = LeaveConferenceUseCase.swift; sourceTree = "<group>"; };
		7EBF1BA724D446C4008446E7 /* GetShareLinkUseCase.swift */ = {isa = PBXFileReference; fileEncoding = 4; lastKnownFileType = sourcecode.swift; path = GetShareLinkUseCase.swift; sourceTree = "<group>"; };
		7EBF1BA824D446C4008446E7 /* ManageConferenceUseCase.swift */ = {isa = PBXFileReference; fileEncoding = 4; lastKnownFileType = sourcecode.swift; path = ManageConferenceUseCase.swift; sourceTree = "<group>"; };
		7EBF1BA924D446C4008446E7 /* JoinConferenceUseCase.swift */ = {isa = PBXFileReference; fileEncoding = 4; lastKnownFileType = sourcecode.swift; path = JoinConferenceUseCase.swift; sourceTree = "<group>"; };
		7EBF1BD224D45569008446E7 /* CallOptionButton.swift */ = {isa = PBXFileReference; fileEncoding = 4; lastKnownFileType = sourcecode.swift; path = CallOptionButton.swift; sourceTree = "<group>"; };
		7EBF1BD324D45569008446E7 /* CallOptionButton.xib */ = {isa = PBXFileReference; fileEncoding = 4; lastKnownFileType = file.xib; path = CallOptionButton.xib; sourceTree = "<group>"; };
		7EBF1BD724D4559D008446E7 /* UserDefault.swift */ = {isa = PBXFileReference; fileEncoding = 4; lastKnownFileType = sourcecode.swift; path = UserDefault.swift; sourceTree = "<group>"; };
		7EBF1BD924D455E6008446E7 /* PermissionsHelper.swift */ = {isa = PBXFileReference; fileEncoding = 4; lastKnownFileType = sourcecode.swift; path = PermissionsHelper.swift; sourceTree = "<group>"; };
		7EBF1BDB24D4562A008446E7 /* Errors.swift */ = {isa = PBXFileReference; fileEncoding = 4; lastKnownFileType = sourcecode.swift; path = Errors.swift; sourceTree = "<group>"; };
		7EBF1BDD24D4565C008446E7 /* ErrorHandling.swift */ = {isa = PBXFileReference; fileEncoding = 4; lastKnownFileType = sourcecode.swift; path = ErrorHandling.swift; sourceTree = "<group>"; };
		7EBF1BDF24D45822008446E7 /* AlertHelper.swift */ = {isa = PBXFileReference; fileEncoding = 4; lastKnownFileType = sourcecode.swift; path = AlertHelper.swift; sourceTree = "<group>"; };
		7EBF1BE124D45843008446E7 /* ColoredButton.swift */ = {isa = PBXFileReference; fileEncoding = 4; lastKnownFileType = sourcecode.swift; path = ColoredButton.swift; sourceTree = "<group>"; };
		7EBF1BE324D4585D008446E7 /* NibLoadable.swift */ = {isa = PBXFileReference; fileEncoding = 4; lastKnownFileType = sourcecode.swift; path = NibLoadable.swift; sourceTree = "<group>"; };
		7EBF1BE524D458A3008446E7 /* AudioDeviceSelecting.swift */ = {isa = PBXFileReference; fileEncoding = 4; lastKnownFileType = sourcecode.swift; path = AudioDeviceSelecting.swift; sourceTree = "<group>"; };
		7EBF1BE924D458EA008446E7 /* MovingWithKeyboard.swift */ = {isa = PBXFileReference; fileEncoding = 4; lastKnownFileType = sourcecode.swift; path = MovingWithKeyboard.swift; sourceTree = "<group>"; };
		7EBF1BEB24D45925008446E7 /* Theme.swift */ = {isa = PBXFileReference; fileEncoding = 4; lastKnownFileType = sourcecode.swift; path = Theme.swift; sourceTree = "<group>"; };
		7EBF1BEC24D45925008446E7 /* Color.swift */ = {isa = PBXFileReference; fileEncoding = 4; lastKnownFileType = sourcecode.swift; path = Color.swift; sourceTree = "<group>"; };
		7EBF1BF024D45DC4008446E7 /* GenerateRoomUseCase.swift */ = {isa = PBXFileReference; lastKnownFileType = sourcecode.swift; path = GenerateRoomUseCase.swift; sourceTree = "<group>"; };
		7EBF1BF424D46639008446E7 /* LeaveConference.swift */ = {isa = PBXFileReference; lastKnownFileType = sourcecode.swift; path = LeaveConference.swift; sourceTree = "<group>"; };
		7EBF1BF624D46656008446E7 /* GetShareLink.swift */ = {isa = PBXFileReference; lastKnownFileType = sourcecode.swift; path = GetShareLink.swift; sourceTree = "<group>"; };
		7EBF1BF824D46667008446E7 /* ManageConference.swift */ = {isa = PBXFileReference; lastKnownFileType = sourcecode.swift; path = ManageConference.swift; sourceTree = "<group>"; };
		7EBF1BFA24D46686008446E7 /* JoinConference.swift */ = {isa = PBXFileReference; lastKnownFileType = sourcecode.swift; path = JoinConference.swift; sourceTree = "<group>"; };
		7EBF1BFC24D4669F008446E7 /* GenerateRoom.swift */ = {isa = PBXFileReference; lastKnownFileType = sourcecode.swift; path = GenerateRoom.swift; sourceTree = "<group>"; };
		7EBF1BFF24D46902008446E7 /* PressableButton.swift */ = {isa = PBXFileReference; fileEncoding = 4; lastKnownFileType = sourcecode.swift; path = PressableButton.swift; sourceTree = "<group>"; };
		7EBF1C0324D477DC008446E7 /* AnimatedTransitionNavigationController.swift */ = {isa = PBXFileReference; fileEncoding = 4; lastKnownFileType = sourcecode.swift; path = AnimatedTransitionNavigationController.swift; sourceTree = "<group>"; };
		7EBF1C0424D477DC008446E7 /* AnimatedTransition.swift */ = {isa = PBXFileReference; fileEncoding = 4; lastKnownFileType = sourcecode.swift; path = AnimatedTransition.swift; sourceTree = "<group>"; };
/* End PBXFileReference section */

/* Begin PBXFrameworksBuildPhase section */
		7EBF1B2324D44616008446E7 /* Frameworks */ = {
			isa = PBXFrameworksBuildPhase;
			buildActionMask = 2147483647;
			files = (
			);
			runOnlyForDeploymentPostprocessing = 0;
		};
/* End PBXFrameworksBuildPhase section */

/* Begin PBXGroup section */
		07B11931FAA070E807DA709C /* Pods */ = {
			isa = PBXGroup;
			children = (
			);
			path = Pods;
			sourceTree = "<group>";
		};
		7EBF1B1D24D44616008446E7 = {
			isa = PBXGroup;
			children = (
				7EBF1B8724D446C4008446E7 /* README.md */,
				7EBF1B9D24D446C4008446E7 /* AppDelegate.swift */,
				7EBF1B8824D446C4008446E7 /* Stories */,
				7EBF1B9E24D446C4008446E7 /* Domain */,
				7EBF1B7724D446C4008446E7 /* Logic */,
				7EBF1B8224D446C4008446E7 /* Utils */,
				7EBF1B7224D446C4008446E7 /* Resources */,
				7EBF1B2724D44616008446E7 /* Products */,
				07B11931FAA070E807DA709C /* Pods */,
			);
			sourceTree = "<group>";
		};
		7EBF1B2724D44616008446E7 /* Products */ = {
			isa = PBXGroup;
			children = (
				7EBF1B2624D44616008446E7 /* Conference.app */,
			);
			name = Products;
			sourceTree = "<group>";
		};
		7EBF1B7224D446C4008446E7 /* Resources */ = {
			isa = PBXGroup;
			children = (
				7EBF1BEC24D45925008446E7 /* Color.swift */,
				7EBF1BEB24D45925008446E7 /* Theme.swift */,
				7EBF1B7324D446C4008446E7 /* Assets.xcassets */,
				7EBF1B7424D446C4008446E7 /* LaunchScreen.storyboard */,
				7EBF1B7624D446C4008446E7 /* Info.plist */,
			);
			path = Resources;
			sourceTree = "<group>";
		};
		7EBF1B7724D446C4008446E7 /* Logic */ = {
			isa = PBXGroup;
			children = (
				7EBF1B7824D446C4008446E7 /* Conference */,
				7EBF1B7B24D446C4008446E7 /* Sockets */,
				7EBF1B7F24D446C4008446E7 /* Reconnect */,
			);
			path = Logic;
			sourceTree = "<group>";
		};
		7EBF1B7824D446C4008446E7 /* Conference */ = {
			isa = PBXGroup;
			children = (
				7EBF1B7A24D446C4008446E7 /* VoximplantService.swift */,
				7EBF1B7924D446C4008446E7 /* ConferenceErrors.swift */,
			);
			path = Conference;
			sourceTree = "<group>";
		};
		7EBF1B7B24D446C4008446E7 /* Sockets */ = {
			isa = PBXGroup;
			children = (
				7EBF1B7C24D446C4008446E7 /* VoximplantSocketCompanion.swift */,
				7EBF1B7D24D446C4008446E7 /* SocketContentKey.swift */,
				7EBF1B7E24D446C4008446E7 /* VoximplantSocketCommand.swift */,
			);
			path = Sockets;
			sourceTree = "<group>";
		};
		7EBF1B7F24D446C4008446E7 /* Reconnect */ = {
			isa = PBXGroup;
			children = (
				7EBF1B8024D446C4008446E7 /* ReconnectOperation.swift */,
				7EBF1B8124D446C4008446E7 /* ReconnectError.swift */,
			);
			path = Reconnect;
			sourceTree = "<group>";
		};
		7EBF1B8224D446C4008446E7 /* Utils */ = {
			isa = PBXGroup;
			children = (
				7EBF1C0124D46918008446E7 /* Views */,
				7EBF1BEF24D45CED008446E7 /* Protocols */,
				7EBF1BDF24D45822008446E7 /* AlertHelper.swift */,
				7EBF1BDB24D4562A008446E7 /* Errors.swift */,
				7EBF1BD924D455E6008446E7 /* PermissionsHelper.swift */,
				7EBF1BD724D4559D008446E7 /* UserDefault.swift */,
				7EBF1B8324D446C4008446E7 /* Log.swift */,
				7EBF1B8424D446C4008446E7 /* JSON.swift */,
				7EBF1B8524D446C4008446E7 /* Device.swift */,
				7EBF1B8624D446C4008446E7 /* myID.swift */,
			);
			path = Utils;
			sourceTree = "<group>";
		};
		7EBF1B8824D446C4008446E7 /* Stories */ = {
			isa = PBXGroup;
			children = (
				7EBF1BF224D46600008446E7 /* StoryAssembler */,
				7EBF1B8924D446C4008446E7 /* Storyboards */,
				7EBF1B9924D446C4008446E7 /* Login */,
				7EBF1B8D24D446C4008446E7 /* Progress */,
				7EBF1B9124D446C4008446E7 /* ConferenceCall */,
			);
			path = Stories;
			sourceTree = "<group>";
		};
		7EBF1B8924D446C4008446E7 /* Storyboards */ = {
			isa = PBXGroup;
			children = (
				7EBF1B8A24D446C4008446E7 /* Main.storyboard */,
				7EBF1B8C24D446C4008446E7 /* Storyboard.swift */,
			);
			path = Storyboards;
			sourceTree = "<group>";
		};
		7EBF1B8D24D446C4008446E7 /* Progress */ = {
			isa = PBXGroup;
			children = (
				7EBF1B8E24D446C4008446E7 /* ProgressView.swift */,
				7EBF1B8F24D446C4008446E7 /* ProgressViewModel.swift */,
				7EBF1B9024D446C4008446E7 /* ProgressViewController.swift */,
			);
			path = Progress;
			sourceTree = "<group>";
		};
		7EBF1B9124D446C4008446E7 /* ConferenceCall */ = {
			isa = PBXGroup;
			children = (
				7EBF1BD024D45569008446E7 /* CallOptionButton */,
				7EBF1B9224D446C4008446E7 /* ConferenceParticipantView */,
				7EBF1B9524D446C4008446E7 /* ConferenceView.swift */,
				7EBF1B9624D446C4008446E7 /* ConferenceCallModel.swift */,
				7EBF1B9724D446C4008446E7 /* ConferenceCallViewController.swift */,
			);
			path = ConferenceCall;
			sourceTree = "<group>";
		};
		7EBF1B9224D446C4008446E7 /* ConferenceParticipantView */ = {
			isa = PBXGroup;
			children = (
				7EBF1B9324D446C4008446E7 /* ConferenceParticipantView.xib */,
				7EBF1B9424D446C4008446E7 /* ConferenceParticipantView.swift */,
			);
			path = ConferenceParticipantView;
			sourceTree = "<group>";
		};
		7EBF1B9924D446C4008446E7 /* Login */ = {
			isa = PBXGroup;
			children = (
				7EBF1B9A24D446C4008446E7 /* LoginView.swift */,
				7EBF1B9B24D446C4008446E7 /* LoginViewController.swift */,
				7EBF1B9C24D446C4008446E7 /* LoginTextField.swift */,
			);
			path = Login;
			sourceTree = "<group>";
		};
		7EBF1B9E24D446C4008446E7 /* Domain */ = {
			isa = PBXGroup;
			children = (
				7EBF1B9F24D446C4008446E7 /* Entity */,
				7EBF1BA124D446C4008446E7 /* Protocols */,
				7EBF1BA524D446C4008446E7 /* UseCases */,
			);
			path = Domain;
			sourceTree = "<group>";
		};
		7EBF1B9F24D446C4008446E7 /* Entity */ = {
			isa = PBXGroup;
			children = (
				7EBF1BA024D446C4008446E7 /* ConferenceParticipant.swift */,
			);
			path = Entity;
			sourceTree = "<group>";
		};
		7EBF1BA124D446C4008446E7 /* Protocols */ = {
			isa = PBXGroup;
			children = (
				7EBF1BA224D446C4008446E7 /* ConferenceService.swift */,
				7EBF1BA324D446C4008446E7 /* AuthService.swift */,
				7EBF1BA424D446C4008446E7 /* Reconnecting.swift */,
			);
			path = Protocols;
			sourceTree = "<group>";
		};
		7EBF1BA524D446C4008446E7 /* UseCases */ = {
			isa = PBXGroup;
			children = (
				7EBF1BA624D446C4008446E7 /* LeaveConferenceUseCase.swift */,
				7EBF1BA824D446C4008446E7 /* ManageConferenceUseCase.swift */,
				7EBF1BA924D446C4008446E7 /* JoinConferenceUseCase.swift */,
				7EBF1BA724D446C4008446E7 /* GetShareLinkUseCase.swift */,
				7EBF1BF024D45DC4008446E7 /* GenerateRoomUseCase.swift */,
			);
			path = UseCases;
			sourceTree = "<group>";
		};
		7EBF1BD024D45569008446E7 /* CallOptionButton */ = {
			isa = PBXGroup;
			children = (
				7EBF1BD224D45569008446E7 /* CallOptionButton.swift */,
				7EBF1BD324D45569008446E7 /* CallOptionButton.xib */,
			);
			path = CallOptionButton;
			sourceTree = "<group>";
		};
		7EBF1BEF24D45CED008446E7 /* Protocols */ = {
			isa = PBXGroup;
			children = (
				7EBF1BDD24D4565C008446E7 /* ErrorHandling.swift */,
				7EBF1BE324D4585D008446E7 /* NibLoadable.swift */,
				7EBF1BE524D458A3008446E7 /* AudioDeviceSelecting.swift */,
				7EBF1BE924D458EA008446E7 /* MovingWithKeyboard.swift */,
				7E029AE124D806C80052A705 /* SpeakerAutoselecting.swift */,
				7E029AE324D807110052A705 /* AudioDeviceAlertSelecting.swift */,
			);
			path = Protocols;
			sourceTree = "<group>";
		};
		7EBF1BF224D46600008446E7 /* StoryAssembler */ = {
			isa = PBXGroup;
			children = (
				7EBF1B9824D446C4008446E7 /* StoryAssembler.swift */,
				7EBF1BFE24D466D1008446E7 /* UseCases */,
			);
			path = StoryAssembler;
			sourceTree = "<group>";
		};
		7EBF1BFE24D466D1008446E7 /* UseCases */ = {
			isa = PBXGroup;
			children = (
				7EBF1BF424D46639008446E7 /* LeaveConference.swift */,
				7EBF1BF624D46656008446E7 /* GetShareLink.swift */,
				7EBF1BF824D46667008446E7 /* ManageConference.swift */,
				7EBF1BFA24D46686008446E7 /* JoinConference.swift */,
				7EBF1BFC24D4669F008446E7 /* GenerateRoom.swift */,
			);
			path = UseCases;
			sourceTree = "<group>";
		};
		7EBF1C0124D46918008446E7 /* Views */ = {
			isa = PBXGroup;
			children = (
				7EBF1C0224D477DC008446E7 /* AnimatedTransitionNavigationController */,
				7EBF1BFF24D46902008446E7 /* PressableButton.swift */,
				7EBF1BE124D45843008446E7 /* ColoredButton.swift */,
			);
			path = Views;
			sourceTree = "<group>";
		};
		7EBF1C0224D477DC008446E7 /* AnimatedTransitionNavigationController */ = {
			isa = PBXGroup;
			children = (
				7EBF1C0324D477DC008446E7 /* AnimatedTransitionNavigationController.swift */,
				7EBF1C0424D477DC008446E7 /* AnimatedTransition.swift */,
			);
			path = AnimatedTransitionNavigationController;
			sourceTree = "<group>";
		};
/* End PBXGroup section */

/* Begin PBXNativeTarget section */
		7EBF1B2524D44616008446E7 /* Conference */ = {
			isa = PBXNativeTarget;
			buildConfigurationList = 7EBF1B3A24D44617008446E7 /* Build configuration list for PBXNativeTarget "Conference" */;
			buildPhases = (
				7EBF1B2224D44616008446E7 /* Sources */,
				7EBF1B2324D44616008446E7 /* Frameworks */,
				7EBF1B2424D44616008446E7 /* Resources */,
			);
			buildRules = (
			);
			dependencies = (
			);
			name = Conference;
			productName = Conference;
			productReference = 7EBF1B2624D44616008446E7 /* Conference.app */;
			productType = "com.apple.product-type.application";
		};
/* End PBXNativeTarget section */

/* Begin PBXProject section */
		7EBF1B1E24D44616008446E7 /* Project object */ = {
			isa = PBXProject;
			attributes = {
				LastSwiftUpdateCheck = 1160;
				LastUpgradeCheck = 1160;
				ORGANIZATIONNAME = Zingaya;
				TargetAttributes = {
					7EBF1B2524D44616008446E7 = {
						CreatedOnToolsVersion = 11.6;
					};
				};
			};
			buildConfigurationList = 7EBF1B2124D44616008446E7 /* Build configuration list for PBXProject "Conference" */;
			compatibilityVersion = "Xcode 9.3";
			developmentRegion = en;
			hasScannedForEncodings = 0;
			knownRegions = (
				en,
				Base,
			);
			mainGroup = 7EBF1B1D24D44616008446E7;
			productRefGroup = 7EBF1B2724D44616008446E7 /* Products */;
			projectDirPath = "";
			projectRoot = "";
			targets = (
				7EBF1B2524D44616008446E7 /* Conference */,
			);
		};
/* End PBXProject section */

/* Begin PBXResourcesBuildPhase section */
		7EBF1B2424D44616008446E7 /* Resources */ = {
			isa = PBXResourcesBuildPhase;
			buildActionMask = 2147483647;
			files = (
				7EBF1BAA24D446C4008446E7 /* Assets.xcassets in Resources */,
				7EBF1BB924D446C4008446E7 /* Main.storyboard in Resources */,
				7EBF1BD624D45569008446E7 /* CallOptionButton.xib in Resources */,
				7EBF1BBE24D446C4008446E7 /* ConferenceParticipantView.xib in Resources */,
				7EBF1BAB24D446C4008446E7 /* LaunchScreen.storyboard in Resources */,
				7EBF1BB824D446C4008446E7 /* README.md in Resources */,
			);
			runOnlyForDeploymentPostprocessing = 0;
		};
/* End PBXResourcesBuildPhase section */

/* Begin PBXSourcesBuildPhase section */
		7EBF1B2224D44616008446E7 /* Sources */ = {
			isa = PBXSourcesBuildPhase;
			buildActionMask = 2147483647;
			files = (
				7EBF1BE024D45822008446E7 /* AlertHelper.swift in Sources */,
				7EBF1BC724D446C4008446E7 /* AppDelegate.swift in Sources */,
				7EBF1BBD24D446C4008446E7 /* ProgressViewController.swift in Sources */,
				7EBF1BAD24D446C4008446E7 /* ConferenceErrors.swift in Sources */,
				7EBF1BAF24D446C4008446E7 /* VoximplantSocketCompanion.swift in Sources */,
				7EBF1BB124D446C4008446E7 /* VoximplantSocketCommand.swift in Sources */,
				7EBF1BD524D45569008446E7 /* CallOptionButton.swift in Sources */,
				7EBF1BDE24D4565C008446E7 /* ErrorHandling.swift in Sources */,
				7EBF1BC624D446C4008446E7 /* LoginTextField.swift in Sources */,
				7EBF1C0524D477DC008446E7 /* AnimatedTransitionNavigationController.swift in Sources */,
				7EBF1BF924D46667008446E7 /* ManageConference.swift in Sources */,
				7EBF1BE224D45843008446E7 /* ColoredButton.swift in Sources */,
				7EBF1BB524D446C4008446E7 /* JSON.swift in Sources */,
				7EBF1BCF24D446C4008446E7 /* JoinConferenceUseCase.swift in Sources */,
				7EBF1BF124D45DC4008446E7 /* GenerateRoomUseCase.swift in Sources */,
				7EBF1BBA24D446C4008446E7 /* Storyboard.swift in Sources */,
				7EBF1BCB24D446C4008446E7 /* Reconnecting.swift in Sources */,
				7EBF1BB724D446C4008446E7 /* myID.swift in Sources */,
				7EBF1BB324D446C4008446E7 /* ReconnectError.swift in Sources */,
				7EBF1BBC24D446C4008446E7 /* ProgressViewModel.swift in Sources */,
				7EBF1BC124D446C4008446E7 /* ConferenceCallModel.swift in Sources */,
				7EBF1BC824D446C4008446E7 /* ConferenceParticipant.swift in Sources */,
				7EBF1BC524D446C4008446E7 /* LoginViewController.swift in Sources */,
				7EBF1BFB24D46686008446E7 /* JoinConference.swift in Sources */,
				7EBF1BF524D46639008446E7 /* LeaveConference.swift in Sources */,
				7EBF1BCC24D446C4008446E7 /* LeaveConferenceUseCase.swift in Sources */,
				7EBF1BE424D4585D008446E7 /* NibLoadable.swift in Sources */,
				7EBF1BC324D446C4008446E7 /* StoryAssembler.swift in Sources */,
				7EBF1BEE24D45925008446E7 /* Color.swift in Sources */,
				7EBF1BB224D446C4008446E7 /* ReconnectOperation.swift in Sources */,
				7EBF1BB024D446C4008446E7 /* SocketContentKey.swift in Sources */,
				7EBF1C0624D477DC008446E7 /* AnimatedTransition.swift in Sources */,
				7EBF1BED24D45925008446E7 /* Theme.swift in Sources */,
				7EBF1BF724D46656008446E7 /* GetShareLink.swift in Sources */,
				7EBF1BDA24D455E6008446E7 /* PermissionsHelper.swift in Sources */,
				7EBF1BEA24D458EA008446E7 /* MovingWithKeyboard.swift in Sources */,
				7EBF1BD824D4559D008446E7 /* UserDefault.swift in Sources */,
				7EBF1BB424D446C4008446E7 /* Log.swift in Sources */,
				7EBF1BBF24D446C4008446E7 /* ConferenceParticipantView.swift in Sources */,
				7EBF1BC424D446C4008446E7 /* LoginView.swift in Sources */,
				7EBF1BE624D458A3008446E7 /* AudioDeviceSelecting.swift in Sources */,
				7EBF1BAE24D446C4008446E7 /* VoximplantService.swift in Sources */,
				7EBF1BFD24D4669F008446E7 /* GenerateRoom.swift in Sources */,
				7EBF1BCA24D446C4008446E7 /* AuthService.swift in Sources */,
				7EBF1BDC24D4562A008446E7 /* Errors.swift in Sources */,
				7EBF1BC924D446C4008446E7 /* ConferenceService.swift in Sources */,
				7EBF1BB624D446C4008446E7 /* Device.swift in Sources */,
				7EBF1BC024D446C4008446E7 /* ConferenceView.swift in Sources */,
				7E029AE424D807110052A705 /* AudioDeviceAlertSelecting.swift in Sources */,
				7EBF1BC224D446C4008446E7 /* ConferenceCallViewController.swift in Sources */,
				7EBF1BCD24D446C4008446E7 /* GetShareLinkUseCase.swift in Sources */,
				7EBF1C0024D46902008446E7 /* PressableButton.swift in Sources */,
				7E029AE224D806C80052A705 /* SpeakerAutoselecting.swift in Sources */,
				7EBF1BBB24D446C4008446E7 /* ProgressView.swift in Sources */,
				7EBF1BCE24D446C4008446E7 /* ManageConferenceUseCase.swift in Sources */,
			);
			runOnlyForDeploymentPostprocessing = 0;
		};
/* End PBXSourcesBuildPhase section */

/* Begin PBXVariantGroup section */
		7EBF1B7424D446C4008446E7 /* LaunchScreen.storyboard */ = {
			isa = PBXVariantGroup;
			children = (
				7EBF1B7524D446C4008446E7 /* Base */,
			);
			name = LaunchScreen.storyboard;
			sourceTree = "<group>";
		};
		7EBF1B8A24D446C4008446E7 /* Main.storyboard */ = {
			isa = PBXVariantGroup;
			children = (
				7EBF1B8B24D446C4008446E7 /* Base */,
			);
			name = Main.storyboard;
			sourceTree = "<group>";
		};
/* End PBXVariantGroup section */

/* Begin XCBuildConfiguration section */
		7EBF1B3824D44617008446E7 /* Debug */ = {
			isa = XCBuildConfiguration;
			buildSettings = {
				ALWAYS_SEARCH_USER_PATHS = NO;
				CLANG_ANALYZER_NONNULL = YES;
				CLANG_ANALYZER_NUMBER_OBJECT_CONVERSION = YES_AGGRESSIVE;
				CLANG_CXX_LANGUAGE_STANDARD = "gnu++14";
				CLANG_CXX_LIBRARY = "libc++";
				CLANG_ENABLE_MODULES = YES;
				CLANG_ENABLE_OBJC_ARC = YES;
				CLANG_ENABLE_OBJC_WEAK = YES;
				CLANG_WARN_BLOCK_CAPTURE_AUTORELEASING = YES;
				CLANG_WARN_BOOL_CONVERSION = YES;
				CLANG_WARN_COMMA = YES;
				CLANG_WARN_CONSTANT_CONVERSION = YES;
				CLANG_WARN_DEPRECATED_OBJC_IMPLEMENTATIONS = YES;
				CLANG_WARN_DIRECT_OBJC_ISA_USAGE = YES_ERROR;
				CLANG_WARN_DOCUMENTATION_COMMENTS = YES;
				CLANG_WARN_EMPTY_BODY = YES;
				CLANG_WARN_ENUM_CONVERSION = YES;
				CLANG_WARN_INFINITE_RECURSION = YES;
				CLANG_WARN_INT_CONVERSION = YES;
				CLANG_WARN_NON_LITERAL_NULL_CONVERSION = YES;
				CLANG_WARN_OBJC_IMPLICIT_RETAIN_SELF = YES;
				CLANG_WARN_OBJC_LITERAL_CONVERSION = YES;
				CLANG_WARN_OBJC_ROOT_CLASS = YES_ERROR;
				CLANG_WARN_RANGE_LOOP_ANALYSIS = YES;
				CLANG_WARN_STRICT_PROTOTYPES = YES;
				CLANG_WARN_SUSPICIOUS_MOVE = YES;
				CLANG_WARN_UNGUARDED_AVAILABILITY = YES_AGGRESSIVE;
				CLANG_WARN_UNREACHABLE_CODE = YES;
				CLANG_WARN__DUPLICATE_METHOD_MATCH = YES;
				COPY_PHASE_STRIP = NO;
				DEBUG_INFORMATION_FORMAT = dwarf;
				ENABLE_BITCODE = NO;
				ENABLE_STRICT_OBJC_MSGSEND = YES;
				ENABLE_TESTABILITY = YES;
				GCC_C_LANGUAGE_STANDARD = gnu11;
				GCC_DYNAMIC_NO_PIC = NO;
				GCC_NO_COMMON_BLOCKS = YES;
				GCC_OPTIMIZATION_LEVEL = 0;
				GCC_PREPROCESSOR_DEFINITIONS = (
					"DEBUG=1",
					"$(inherited)",
				);
				GCC_WARN_64_TO_32_BIT_CONVERSION = YES;
				GCC_WARN_ABOUT_RETURN_TYPE = YES_ERROR;
				GCC_WARN_UNDECLARED_SELECTOR = YES;
				GCC_WARN_UNINITIALIZED_AUTOS = YES_AGGRESSIVE;
				GCC_WARN_UNUSED_FUNCTION = YES;
				GCC_WARN_UNUSED_VARIABLE = YES;
				IPHONEOS_DEPLOYMENT_TARGET = 13.6;
				MTL_ENABLE_DEBUG_INFO = INCLUDE_SOURCE;
				MTL_FAST_MATH = YES;
				ONLY_ACTIVE_ARCH = YES;
				SDKROOT = iphoneos;
				SWIFT_ACTIVE_COMPILATION_CONDITIONS = DEBUG;
				SWIFT_OPTIMIZATION_LEVEL = "-Onone";
			};
			name = Debug;
		};
		7EBF1B3924D44617008446E7 /* Release */ = {
			isa = XCBuildConfiguration;
			buildSettings = {
				ALWAYS_SEARCH_USER_PATHS = NO;
				CLANG_ANALYZER_NONNULL = YES;
				CLANG_ANALYZER_NUMBER_OBJECT_CONVERSION = YES_AGGRESSIVE;
				CLANG_CXX_LANGUAGE_STANDARD = "gnu++14";
				CLANG_CXX_LIBRARY = "libc++";
				CLANG_ENABLE_MODULES = YES;
				CLANG_ENABLE_OBJC_ARC = YES;
				CLANG_ENABLE_OBJC_WEAK = YES;
				CLANG_WARN_BLOCK_CAPTURE_AUTORELEASING = YES;
				CLANG_WARN_BOOL_CONVERSION = YES;
				CLANG_WARN_COMMA = YES;
				CLANG_WARN_CONSTANT_CONVERSION = YES;
				CLANG_WARN_DEPRECATED_OBJC_IMPLEMENTATIONS = YES;
				CLANG_WARN_DIRECT_OBJC_ISA_USAGE = YES_ERROR;
				CLANG_WARN_DOCUMENTATION_COMMENTS = YES;
				CLANG_WARN_EMPTY_BODY = YES;
				CLANG_WARN_ENUM_CONVERSION = YES;
				CLANG_WARN_INFINITE_RECURSION = YES;
				CLANG_WARN_INT_CONVERSION = YES;
				CLANG_WARN_NON_LITERAL_NULL_CONVERSION = YES;
				CLANG_WARN_OBJC_IMPLICIT_RETAIN_SELF = YES;
				CLANG_WARN_OBJC_LITERAL_CONVERSION = YES;
				CLANG_WARN_OBJC_ROOT_CLASS = YES_ERROR;
				CLANG_WARN_RANGE_LOOP_ANALYSIS = YES;
				CLANG_WARN_STRICT_PROTOTYPES = YES;
				CLANG_WARN_SUSPICIOUS_MOVE = YES;
				CLANG_WARN_UNGUARDED_AVAILABILITY = YES_AGGRESSIVE;
				CLANG_WARN_UNREACHABLE_CODE = YES;
				CLANG_WARN__DUPLICATE_METHOD_MATCH = YES;
				COPY_PHASE_STRIP = NO;
				DEBUG_INFORMATION_FORMAT = "dwarf-with-dsym";
				ENABLE_BITCODE = NO;
				ENABLE_NS_ASSERTIONS = NO;
				ENABLE_STRICT_OBJC_MSGSEND = YES;
				GCC_C_LANGUAGE_STANDARD = gnu11;
				GCC_NO_COMMON_BLOCKS = YES;
				GCC_WARN_64_TO_32_BIT_CONVERSION = YES;
				GCC_WARN_ABOUT_RETURN_TYPE = YES_ERROR;
				GCC_WARN_UNDECLARED_SELECTOR = YES;
				GCC_WARN_UNINITIALIZED_AUTOS = YES_AGGRESSIVE;
				GCC_WARN_UNUSED_FUNCTION = YES;
				GCC_WARN_UNUSED_VARIABLE = YES;
				IPHONEOS_DEPLOYMENT_TARGET = 13.6;
				MTL_ENABLE_DEBUG_INFO = NO;
				MTL_FAST_MATH = YES;
				SDKROOT = iphoneos;
				SWIFT_COMPILATION_MODE = wholemodule;
				SWIFT_OPTIMIZATION_LEVEL = "-O";
				VALIDATE_PRODUCT = YES;
			};
			name = Release;
		};
		7EBF1B3B24D44617008446E7 /* Debug */ = {
			isa = XCBuildConfiguration;
			buildSettings = {
				ASSETCATALOG_COMPILER_APPICON_NAME = AppIcon;
				CODE_SIGN_STYLE = Automatic;
				CURRENT_PROJECT_VERSION = 3;
				DEVELOPMENT_TEAM = W9BHJBL635;
				ENABLE_BITCODE = NO;
				INFOPLIST_FILE = "$(SRCROOT)/Resources/Info.plist";
				IPHONEOS_DEPLOYMENT_TARGET = 10.0;
				LD_RUNPATH_SEARCH_PATHS = (
					"$(inherited)",
					"@executable_path/Frameworks",
				);
				MARKETING_VERSION = 2.0.2;
				PRODUCT_BUNDLE_IDENTIFIER = com.voximplant.demos.Conference;
				PRODUCT_NAME = "$(TARGET_NAME)";
				SWIFT_VERSION = 5.0;
				TARGETED_DEVICE_FAMILY = "1,2";
			};
			name = Debug;
		};
		7EBF1B3C24D44617008446E7 /* Release */ = {
			isa = XCBuildConfiguration;
			buildSettings = {
				ASSETCATALOG_COMPILER_APPICON_NAME = AppIcon;
				CODE_SIGN_STYLE = Automatic;
				CURRENT_PROJECT_VERSION = 3;
				DEVELOPMENT_TEAM = W9BHJBL635;
				ENABLE_BITCODE = NO;
				INFOPLIST_FILE = "$(SRCROOT)/Resources/Info.plist";
				IPHONEOS_DEPLOYMENT_TARGET = 10.0;
				LD_RUNPATH_SEARCH_PATHS = (
					"$(inherited)",
					"@executable_path/Frameworks",
				);
				MARKETING_VERSION = 2.0.2;
				PRODUCT_BUNDLE_IDENTIFIER = com.voximplant.demos.Conference;
				PRODUCT_NAME = "$(TARGET_NAME)";
				SWIFT_VERSION = 5.0;
				TARGETED_DEVICE_FAMILY = "1,2";
			};
			name = Release;
		};
/* End XCBuildConfiguration section */

/* Begin XCConfigurationList section */
		7EBF1B2124D44616008446E7 /* Build configuration list for PBXProject "Conference" */ = {
			isa = XCConfigurationList;
			buildConfigurations = (
				7EBF1B3824D44617008446E7 /* Debug */,
				7EBF1B3924D44617008446E7 /* Release */,
			);
			defaultConfigurationIsVisible = 0;
			defaultConfigurationName = Release;
		};
		7EBF1B3A24D44617008446E7 /* Build configuration list for PBXNativeTarget "Conference" */ = {
			isa = XCConfigurationList;
			buildConfigurations = (
				7EBF1B3B24D44617008446E7 /* Debug */,
				7EBF1B3C24D44617008446E7 /* Release */,
			);
			defaultConfigurationIsVisible = 0;
			defaultConfigurationName = Release;
		};
/* End XCConfigurationList section */
	};
	rootObject = 7EBF1B1E24D44616008446E7 /* Project object */;
}
